
Microsoft Visual Studio Solution File, Format Version 12.00
# Visual Studio 14
VisualStudioVersion = 14.0.25123.0
MinimumVisualStudioVersion = 10.0.40219.1
Project("{FAE04EC0-301F-11D3-BF4B-00C04F79EFBC}") = "WindowsServicePanel", "WindowsServicePanel\WindowsServicePanel.csproj", "{3869B3C6-1A56-499A-89AA-3EFC8D60A375}"
EndProject
Project("{FAE04EC0-301F-11D3-BF4B-00C04F79EFBC}") = "WindowsServicePanel.Tests", "WindowsServicePanel.Tests\WindowsServicePanel.Tests.csproj", "{686135F8-D199-4DDF-B29C-9D4C4DCF80CA}"
EndProject
Project("{930C7802-8A8C-48F9-8165-68863BCCD9DD}") = "WindowsServicePanel.Installer", "WindowsServicePanel.Installer\WindowsServicePanel.Installer.wixproj", "{A530067A-DDFC-4FAB-8A2E-FE42FD15ABFB}"
EndProject
Global
	GlobalSection(SolutionConfigurationPlatforms) = preSolution
		Debug|Any CPU = Debug|Any CPU
		Debug|x86 = Debug|x86
		Release|Any CPU = Release|Any CPU
		Release|x86 = Release|x86
	EndGlobalSection
	GlobalSection(ProjectConfigurationPlatforms) = postSolution
		{3869B3C6-1A56-499A-89AA-3EFC8D60A375}.Debug|Any CPU.ActiveCfg = Debug|Any CPU
		{3869B3C6-1A56-499A-89AA-3EFC8D60A375}.Debug|Any CPU.Build.0 = Debug|Any CPU
		{3869B3C6-1A56-499A-89AA-3EFC8D60A375}.Debug|x86.ActiveCfg = Debug|Any CPU
		{3869B3C6-1A56-499A-89AA-3EFC8D60A375}.Debug|x86.Build.0 = Debug|Any CPU
		{3869B3C6-1A56-499A-89AA-3EFC8D60A375}.Release|Any CPU.ActiveCfg = Release|Any CPU
		{3869B3C6-1A56-499A-89AA-3EFC8D60A375}.Release|Any CPU.Build.0 = Release|Any CPU
		{3869B3C6-1A56-499A-89AA-3EFC8D60A375}.Release|x86.ActiveCfg = Release|Any CPU
		{3869B3C6-1A56-499A-89AA-3EFC8D60A375}.Release|x86.Build.0 = Release|Any CPU
		{686135F8-D199-4DDF-B29C-9D4C4DCF80CA}.Debug|Any CPU.ActiveCfg = Debug|Any CPU
		{686135F8-D199-4DDF-B29C-9D4C4DCF80CA}.Debug|Any CPU.Build.0 = Debug|Any CPU
		{686135F8-D199-4DDF-B29C-9D4C4DCF80CA}.Debug|x86.ActiveCfg = Debug|Any CPU
		{686135F8-D199-4DDF-B29C-9D4C4DCF80CA}.Debug|x86.Build.0 = Debug|Any CPU
		{686135F8-D199-4DDF-B29C-9D4C4DCF80CA}.Release|Any CPU.ActiveCfg = Release|Any CPU
		{686135F8-D199-4DDF-B29C-9D4C4DCF80CA}.Release|Any CPU.Build.0 = Release|Any CPU
		{686135F8-D199-4DDF-B29C-9D4C4DCF80CA}.Release|x86.ActiveCfg = Release|Any CPU
		{686135F8-D199-4DDF-B29C-9D4C4DCF80CA}.Release|x86.Build.0 = Release|Any CPU
		{A530067A-DDFC-4FAB-8A2E-FE42FD15ABFB}.Debug|Any CPU.ActiveCfg = Debug|x86
		{A530067A-DDFC-4FAB-8A2E-FE42FD15ABFB}.Debug|x86.ActiveCfg = Debug|x86
		{A530067A-DDFC-4FAB-8A2E-FE42FD15ABFB}.Debug|x86.Build.0 = Debug|x86
		{A530067A-DDFC-4FAB-8A2E-FE42FD15ABFB}.Release|Any CPU.ActiveCfg = Release|x86
		{A530067A-DDFC-4FAB-8A2E-FE42FD15ABFB}.Release|x86.ActiveCfg = Release|x86
		{A530067A-DDFC-4FAB-8A2E-FE42FD15ABFB}.Release|x86.Build.0 = Release|x86
	EndGlobalSection
	GlobalSection(SolutionProperties) = preSolution
		HideSolutionNode = FALSE
	EndGlobalSection
EndGlobal
